
Microsoft Visual Studio Solution File, Format Version 10.00
# Visual Studio 2008
Project("{FAE04EC0-301F-11D3-BF4B-00C04F79EFBC}") = "Select Network Adap and Traffic", "Select Network Adap and Traffic\Select Network Adap and Traffic.csproj", "{A93DCD3B-DD7E-4CAC-A055-70B76C21589C}"
EndProject
Global
	GlobalSection(SolutionConfigurationPlatforms) = preSolution
		Debug|Any CPU = Debug|Any CPU
		Release|Any CPU = Release|Any CPU
	EndGlobalSection
	GlobalSection(ProjectConfigurationPlatforms) = postSolution
		{A93DCD3B-DD7E-4CAC-A055-70B76C21589C}.Debug|Any CPU.ActiveCfg = Debug|Any CPU
		{A93DCD3B-DD7E-4CAC-A055-70B76C21589C}.Debug|Any CPU.Build.0 = Debug|Any CPU
		{A93DCD3B-DD7E-4CAC-A055-70B76C21589C}.Release|Any CPU.ActiveCfg = Release|Any CPU
		{A93DCD3B-DD7E-4CAC-A055-70B76C21589C}.Release|Any CPU.Build.0 = Release|Any CPU
	EndGlobalSection
	GlobalSection(SolutionProperties) = preSolution
		HideSolutionNode = FALSE
	EndGlobalSection
EndGlobal
