
Microsoft Visual Studio Solution File, Format Version 10.00
# Visual Studio 2008
Project("{FAE04EC0-301F-11D3-BF4B-00C04F79EFBC}") = "everything in console", "everything in console\everything in console.csproj", "{E1C45C92-5179-419F-9458-F7BCF460EE51}"
EndProject
Global
	GlobalSection(SolutionConfigurationPlatforms) = preSolution
		Debug|Any CPU = Debug|Any CPU
		Release|Any CPU = Release|Any CPU
	EndGlobalSection
	GlobalSection(ProjectConfigurationPlatforms) = postSolution
		{E1C45C92-5179-419F-9458-F7BCF460EE51}.Debug|Any CPU.ActiveCfg = Debug|Any CPU
		{E1C45C92-5179-419F-9458-F7BCF460EE51}.Debug|Any CPU.Build.0 = Debug|Any CPU
		{E1C45C92-5179-419F-9458-F7BCF460EE51}.Release|Any CPU.ActiveCfg = Release|Any CPU
		{E1C45C92-5179-419F-9458-F7BCF460EE51}.Release|Any CPU.Build.0 = Release|Any CPU
	EndGlobalSection
	GlobalSection(SolutionProperties) = preSolution
		HideSolutionNode = FALSE
	EndGlobalSection
EndGlobal
