
Microsoft Visual Studio Solution File, Format Version 10.00
# Visual Studio 2008
Project("{FAE04EC0-301F-11D3-BF4B-00C04F79EFBC}") = "Network Adapter Test 2 - Still Console", "Network Adapter Test 2 - Still Console\Network Adapter Test 2 - Still Console.csproj", "{59A3B81B-FA69-467B-A1B2-1A886309C37B}"
EndProject
Global
	GlobalSection(SolutionConfigurationPlatforms) = preSolution
		Debug|Any CPU = Debug|Any CPU
		Release|Any CPU = Release|Any CPU
	EndGlobalSection
	GlobalSection(ProjectConfigurationPlatforms) = postSolution
		{59A3B81B-FA69-467B-A1B2-1A886309C37B}.Debug|Any CPU.ActiveCfg = Debug|Any CPU
		{59A3B81B-FA69-467B-A1B2-1A886309C37B}.Debug|Any CPU.Build.0 = Debug|Any CPU
		{59A3B81B-FA69-467B-A1B2-1A886309C37B}.Release|Any CPU.ActiveCfg = Release|Any CPU
		{59A3B81B-FA69-467B-A1B2-1A886309C37B}.Release|Any CPU.Build.0 = Release|Any CPU
	EndGlobalSection
	GlobalSection(SolutionProperties) = preSolution
		HideSolutionNode = FALSE
	EndGlobalSection
EndGlobal
